
Microsoft Visual Studio Solution File, Format Version 12.00
# Visual Studio Version 17
VisualStudioVersion = 17.12.35707.178 d17.12
MinimumVisualStudioVersion = 10.0.40219.1
Project("{FAE04EC0-301F-11D3-BF4B-00C04F79EFBC}") = "WindowsFormsApp7", "WindowsFormsApp7.csproj", "{07D74628-BBD9-4B26-8614-48153EF50193}"
EndProject
Global
	GlobalSection(SolutionConfigurationPlatforms) = preSolution
		Debug|Any CPU = Debug|Any CPU
		Release|Any CPU = Release|Any CPU
	EndGlobalSection
	GlobalSection(ProjectConfigurationPlatforms) = postSolution
		{07D74628-BBD9-4B26-8614-48153EF50193}.Debug|Any CPU.ActiveCfg = Debug|Any CPU
		{07D74628-BBD9-4B26-8614-48153EF50193}.Debug|Any CPU.Build.0 = Debug|Any CPU
		{07D74628-BBD9-4B26-8614-48153EF50193}.Release|Any CPU.ActiveCfg = Release|Any CPU
		{07D74628-BBD9-4B26-8614-48153EF50193}.Release|Any CPU.Build.0 = Release|Any CPU
	EndGlobalSection
	GlobalSection(SolutionProperties) = preSolution
		HideSolutionNode = FALSE
	EndGlobalSection
EndGlobal
